
Microsoft Visual Studio Solution File, Format Version 12.00
# Visual Studio Version 16
VisualStudioVersion = 16.0.31005.135
MinimumVisualStudioVersion = 10.0.40219.1
Project("{FAE04EC0-301F-11D3-BF4B-00C04F79EFBC}") = "WebAPIUsers", "WebAPIUsers.csproj", "{51E39122-0EA3-44AE-A841-F4358C9F6857}"
EndProject
Global
	GlobalSection(SolutionConfigurationPlatforms) = preSolution
		Debug|Any CPU = Debug|Any CPU
		Release|Any CPU = Release|Any CPU
	EndGlobalSection
	GlobalSection(ProjectConfigurationPlatforms) = postSolution
		{51E39122-0EA3-44AE-A841-F4358C9F6857}.Debug|Any CPU.ActiveCfg = Debug|Any CPU
		{51E39122-0EA3-44AE-A841-F4358C9F6857}.Debug|Any CPU.Build.0 = Debug|Any CPU
		{51E39122-0EA3-44AE-A841-F4358C9F6857}.Release|Any CPU.ActiveCfg = Release|Any CPU
		{51E39122-0EA3-44AE-A841-F4358C9F6857}.Release|Any CPU.Build.0 = Release|Any CPU
	EndGlobalSection
	GlobalSection(SolutionProperties) = preSolution
		HideSolutionNode = FALSE
	EndGlobalSection
	GlobalSection(ExtensibilityGlobals) = postSolution
		SolutionGuid = {2F361D19-211F-44C9-944D-D62EDD5D55D8}
	EndGlobalSection
EndGlobal
